// !$*UTF8*$!
{
	archiveVersion = 1;
	classes = {
	};
	objectVersion = 51;
	objects = {

/* Begin PBXBuildFile section */
		0126FF2F26395DAC00E61BDD /* ForecastTableViewCell.swift in Sources */ = {isa = PBXBuildFile; fileRef = 0126FF2E26395DAC00E61BDD /* ForecastTableViewCell.swift */; };
		0126FF7C2642B2C500E61BDD /* CoreDataViewController.swift in Sources */ = {isa = PBXBuildFile; fileRef = 0126FF7B2642B2C500E61BDD /* CoreDataViewController.swift */; };
		0126FF842642B5A000E61BDD /* AddTaskCoreDataViewController.swift in Sources */ = {isa = PBXBuildFile; fileRef = 0126FF832642B5A000E61BDD /* AddTaskCoreDataViewController.swift */; };
		0126FF922642BACA00E61BDD /* CoreDataTableViewCell.swift in Sources */ = {isa = PBXBuildFile; fileRef = 0126FF912642BACA00E61BDD /* CoreDataTableViewCell.swift */; };
		0126FF982643CFC200E61BDD /* CoreDataModel.xcdatamodeld in Sources */ = {isa = PBXBuildFile; fileRef = 0126FF962643CFC200E61BDD /* CoreDataModel.xcdatamodeld */; };
		01E93BB22634043200082FEE /* AppDelegate.swift in Sources */ = {isa = PBXBuildFile; fileRef = 01E93BB12634043200082FEE /* AppDelegate.swift */; };
		01E93BB42634043200082FEE /* SceneDelegate.swift in Sources */ = {isa = PBXBuildFile; fileRef = 01E93BB32634043200082FEE /* SceneDelegate.swift */; };
		01E93BB92634043200082FEE /* Main.storyboard in Resources */ = {isa = PBXBuildFile; fileRef = 01E93BB72634043200082FEE /* Main.storyboard */; };
		01E93BBB2634043600082FEE /* Assets.xcassets in Resources */ = {isa = PBXBuildFile; fileRef = 01E93BBA2634043600082FEE /* Assets.xcassets */; };
		01E93BBE2634043600082FEE /* LaunchScreen.storyboard in Resources */ = {isa = PBXBuildFile; fileRef = 01E93BBC2634043600082FEE /* LaunchScreen.storyboard */; };
		01E93BC92634043600082FEE /* RealmTestTests.swift in Sources */ = {isa = PBXBuildFile; fileRef = 01E93BC82634043600082FEE /* RealmTestTests.swift */; };
		01E93BD42634043600082FEE /* RealmTestUITests.swift in Sources */ = {isa = PBXBuildFile; fileRef = 01E93BD32634043600082FEE /* RealmTestUITests.swift */; };
		01E93BEA2634063000082FEE /* Task.swift in Sources */ = {isa = PBXBuildFile; fileRef = 01E93BE92634063000082FEE /* Task.swift */; };
		01E93BF2263411A800082FEE /* TaskListViewController.swift in Sources */ = {isa = PBXBuildFile; fileRef = 01E93BF1263411A800082FEE /* TaskListViewController.swift */; };
		01E93BFA2634126C00082FEE /* TaskViewController.swift in Sources */ = {isa = PBXBuildFile; fileRef = 01E93BF92634126C00082FEE /* TaskViewController.swift */; };
		01E93BFF2634189B00082FEE /* TaskListTableViewCell.swift in Sources */ = {isa = PBXBuildFile; fileRef = 01E93BFE2634189B00082FEE /* TaskListTableViewCell.swift */; };
		01E93C092639576300082FEE /* WeatherViewController.swift in Sources */ = {isa = PBXBuildFile; fileRef = 01E93C082639576300082FEE /* WeatherViewController.swift */; };
		01E93C1426395B6D00082FEE /* weatherModel.swift in Sources */ = {isa = PBXBuildFile; fileRef = 01E93C1326395B6D00082FEE /* weatherModel.swift */; };
		0ABCCB3EB69CBC14235FAB00 /* Pods_RealmTestTests.framework in Frameworks */ = {isa = PBXBuildFile; fileRef = CF4EC7E89687A230878C34EE /* Pods_RealmTestTests.framework */; };
		34847AC9879B2E3E750A3DAC /* Pods_RealmTest.framework in Frameworks */ = {isa = PBXBuildFile; fileRef = ED8D6C242E89A9FDE21EEA1D /* Pods_RealmTest.framework */; };
		7F4B842CB4CA68D61F649AD5 /* Pods_RealmTest_RealmTestUITests.framework in Frameworks */ = {isa = PBXBuildFile; fileRef = 5A9240B9D5F2DDF4B3051F07 /* Pods_RealmTest_RealmTestUITests.framework */; };
/* End PBXBuildFile section */

/* Begin PBXContainerItemProxy section */
		01E93BC52634043600082FEE /* PBXContainerItemProxy */ = {
			isa = PBXContainerItemProxy;
			containerPortal = 01E93BA62634043100082FEE /* Project object */;
			proxyType = 1;
			remoteGlobalIDString = 01E93BAD2634043100082FEE;
			remoteInfo = RealmTest;
		};
		01E93BD02634043600082FEE /* PBXContainerItemProxy */ = {
			isa = PBXContainerItemProxy;
			containerPortal = 01E93BA62634043100082FEE /* Project object */;
			proxyType = 1;
			remoteGlobalIDString = 01E93BAD2634043100082FEE;
			remoteInfo = RealmTest;
		};
/* End PBXContainerItemProxy section */

/* Begin PBXFileReference section */
		0126FF2E26395DAC00E61BDD /* ForecastTableViewCell.swift */ = {isa = PBXFileReference; lastKnownFileType = sourcecode.swift; path = ForecastTableViewCell.swift; sourceTree = "<group>"; };
		0126FF7B2642B2C500E61BDD /* CoreDataViewController.swift */ = {isa = PBXFileReference; lastKnownFileType = sourcecode.swift; path = CoreDataViewController.swift; sourceTree = "<group>"; };
		0126FF832642B5A000E61BDD /* AddTaskCoreDataViewController.swift */ = {isa = PBXFileReference; lastKnownFileType = sourcecode.swift; path = AddTaskCoreDataViewController.swift; sourceTree = "<group>"; };
		0126FF912642BACA00E61BDD /* CoreDataTableViewCell.swift */ = {isa = PBXFileReference; lastKnownFileType = sourcecode.swift; path = CoreDataTableViewCell.swift; sourceTree = "<group>"; };
		0126FF972643CFC200E61BDD /* CoreDataModel.xcdatamodel */ = {isa = PBXFileReference; lastKnownFileType = wrapper.xcdatamodel; path = CoreDataModel.xcdatamodel; sourceTree = "<group>"; };
		01E93BAE2634043100082FEE /* RealmTest.app */ = {isa = PBXFileReference; explicitFileType = wrapper.application; includeInIndex = 0; path = RealmTest.app; sourceTree = BUILT_PRODUCTS_DIR; };
		01E93BB12634043200082FEE /* AppDelegate.swift */ = {isa = PBXFileReference; lastKnownFileType = sourcecode.swift; path = AppDelegate.swift; sourceTree = "<group>"; };
		01E93BB32634043200082FEE /* SceneDelegate.swift */ = {isa = PBXFileReference; lastKnownFileType = sourcecode.swift; path = SceneDelegate.swift; sourceTree = "<group>"; };
		01E93BB82634043200082FEE /* Base */ = {isa = PBXFileReference; lastKnownFileType = file.storyboard; name = Base; path = Base.lproj/Main.storyboard; sourceTree = "<group>"; };
		01E93BBA2634043600082FEE /* Assets.xcassets */ = {isa = PBXFileReference; lastKnownFileType = folder.assetcatalog; path = Assets.xcassets; sourceTree = "<group>"; };
		01E93BBD2634043600082FEE /* Base */ = {isa = PBXFileReference; lastKnownFileType = file.storyboard; name = Base; path = Base.lproj/LaunchScreen.storyboard; sourceTree = "<group>"; };
		01E93BBF2634043600082FEE /* Info.plist */ = {isa = PBXFileReference; lastKnownFileType = text.plist.xml; path = Info.plist; sourceTree = "<group>"; };
		01E93BC42634043600082FEE /* RealmTestTests.xctest */ = {isa = PBXFileReference; explicitFileType = wrapper.cfbundle; includeInIndex = 0; path = RealmTestTests.xctest; sourceTree = BUILT_PRODUCTS_DIR; };
		01E93BC82634043600082FEE /* RealmTestTests.swift */ = {isa = PBXFileReference; lastKnownFileType = sourcecode.swift; path = RealmTestTests.swift; sourceTree = "<group>"; };
		01E93BCA2634043600082FEE /* Info.plist */ = {isa = PBXFileReference; lastKnownFileType = text.plist.xml; path = Info.plist; sourceTree = "<group>"; };
		01E93BCF2634043600082FEE /* RealmTestUITests.xctest */ = {isa = PBXFileReference; explicitFileType = wrapper.cfbundle; includeInIndex = 0; path = RealmTestUITests.xctest; sourceTree = BUILT_PRODUCTS_DIR; };
		01E93BD32634043600082FEE /* RealmTestUITests.swift */ = {isa = PBXFileReference; lastKnownFileType = sourcecode.swift; path = RealmTestUITests.swift; sourceTree = "<group>"; };
		01E93BD52634043600082FEE /* Info.plist */ = {isa = PBXFileReference; lastKnownFileType = text.plist.xml; path = Info.plist; sourceTree = "<group>"; };
		01E93BE92634063000082FEE /* Task.swift */ = {isa = PBXFileReference; lastKnownFileType = sourcecode.swift; path = Task.swift; sourceTree = "<group>"; };
		01E93BF1263411A800082FEE /* TaskListViewController.swift */ = {isa = PBXFileReference; lastKnownFileType = sourcecode.swift; path = TaskListViewController.swift; sourceTree = "<group>"; };
		01E93BF92634126C00082FEE /* TaskViewController.swift */ = {isa = PBXFileReference; lastKnownFileType = sourcecode.swift; path = TaskViewController.swift; sourceTree = "<group>"; };
		01E93BFE2634189B00082FEE /* TaskListTableViewCell.swift */ = {isa = PBXFileReference; lastKnownFileType = sourcecode.swift; path = TaskListTableViewCell.swift; sourceTree = "<group>"; };
		01E93C082639576300082FEE /* WeatherViewController.swift */ = {isa = PBXFileReference; lastKnownFileType = sourcecode.swift; path = WeatherViewController.swift; sourceTree = "<group>"; };
		01E93C1326395B6D00082FEE /* weatherModel.swift */ = {isa = PBXFileReference; lastKnownFileType = sourcecode.swift; path = weatherModel.swift; sourceTree = "<group>"; };
		387B81DEA6FFA085E5F34148 /* Pods-RealmTest-RealmTestUITests.debug.xcconfig */ = {isa = PBXFileReference; includeInIndex = 1; lastKnownFileType = text.xcconfig; name = "Pods-RealmTest-RealmTestUITests.debug.xcconfig"; path = "Target Support Files/Pods-RealmTest-RealmTestUITests/Pods-RealmTest-RealmTestUITests.debug.xcconfig"; sourceTree = "<group>"; };
		596FF658E88CFEDE6391704F /* Pods-RealmTestTests.debug.xcconfig */ = {isa = PBXFileReference; includeInIndex = 1; lastKnownFileType = text.xcconfig; name = "Pods-RealmTestTests.debug.xcconfig"; path = "Target Support Files/Pods-RealmTestTests/Pods-RealmTestTests.debug.xcconfig"; sourceTree = "<group>"; };
		5A9240B9D5F2DDF4B3051F07 /* Pods_RealmTest_RealmTestUITests.framework */ = {isa = PBXFileReference; explicitFileType = wrapper.framework; includeInIndex = 0; path = Pods_RealmTest_RealmTestUITests.framework; sourceTree = BUILT_PRODUCTS_DIR; };
		7D7465A327B3B0A1971DD95B /* Pods-RealmTest-RealmTestUITests.release.xcconfig */ = {isa = PBXFileReference; includeInIndex = 1; lastKnownFileType = text.xcconfig; name = "Pods-RealmTest-RealmTestUITests.release.xcconfig"; path = "Target Support Files/Pods-RealmTest-RealmTestUITests/Pods-RealmTest-RealmTestUITests.release.xcconfig"; sourceTree = "<group>"; };
		883BDE95F27AC7950213B39F /* Pods-RealmTestTests.release.xcconfig */ = {isa = PBXFileReference; includeInIndex = 1; lastKnownFileType = text.xcconfig; name = "Pods-RealmTestTests.release.xcconfig"; path = "Target Support Files/Pods-RealmTestTests/Pods-RealmTestTests.release.xcconfig"; sourceTree = "<group>"; };
		C07275636CCD15FA65363238 /* Pods-RealmTest.release.xcconfig */ = {isa = PBXFileReference; includeInIndex = 1; lastKnownFileType = text.xcconfig; name = "Pods-RealmTest.release.xcconfig"; path = "Target Support Files/Pods-RealmTest/Pods-RealmTest.release.xcconfig"; sourceTree = "<group>"; };
		C1D2F7D230C5BF6BFF3E292F /* Pods-RealmTest.debug.xcconfig */ = {isa = PBXFileReference; includeInIndex = 1; lastKnownFileType = text.xcconfig; name = "Pods-RealmTest.debug.xcconfig"; path = "Target Support Files/Pods-RealmTest/Pods-RealmTest.debug.xcconfig"; sourceTree = "<group>"; };
		CF4EC7E89687A230878C34EE /* Pods_RealmTestTests.framework */ = {isa = PBXFileReference; explicitFileType = wrapper.framework; includeInIndex = 0; path = Pods_RealmTestTests.framework; sourceTree = BUILT_PRODUCTS_DIR; };
		ED8D6C242E89A9FDE21EEA1D /* Pods_RealmTest.framework */ = {isa = PBXFileReference; explicitFileType = wrapper.framework; includeInIndex = 0; path = Pods_RealmTest.framework; sourceTree = BUILT_PRODUCTS_DIR; };
/* End PBXFileReference section */

/* Begin PBXFrameworksBuildPhase section */
		01E93BAB2634043100082FEE /* Frameworks */ = {
			isa = PBXFrameworksBuildPhase;
			buildActionMask = 2147483647;
			files = (
				34847AC9879B2E3E750A3DAC /* Pods_RealmTest.framework in Frameworks */,
			);
			runOnlyForDeploymentPostprocessing = 0;
		};
		01E93BC12634043600082FEE /* Frameworks */ = {
			isa = PBXFrameworksBuildPhase;
			buildActionMask = 2147483647;
			files = (
				0ABCCB3EB69CBC14235FAB00 /* Pods_RealmTestTests.framework in Frameworks */,
			);
			runOnlyForDeploymentPostprocessing = 0;
		};
		01E93BCC2634043600082FEE /* Frameworks */ = {
			isa = PBXFrameworksBuildPhase;
			buildActionMask = 2147483647;
			files = (
				7F4B842CB4CA68D61F649AD5 /* Pods_RealmTest_RealmTestUITests.framework in Frameworks */,
			);
			runOnlyForDeploymentPostprocessing = 0;
		};
/* End PBXFrameworksBuildPhase section */

/* Begin PBXGroup section */
		01E93BA52634043100082FEE = {
			isa = PBXGroup;
			children = (
				01E93BB02634043100082FEE /* RealmTest */,
				01E93BC72634043600082FEE /* RealmTestTests */,
				01E93BD22634043600082FEE /* RealmTestUITests */,
				01E93BAF2634043100082FEE /* Products */,
				99AC43D6217F65F20D0AF7AD /* Pods */,
				4A274F83644F6CC86AC78951 /* Frameworks */,
			);
			sourceTree = "<group>";
		};
		01E93BAF2634043100082FEE /* Products */ = {
			isa = PBXGroup;
			children = (
				01E93BAE2634043100082FEE /* RealmTest.app */,
				01E93BC42634043600082FEE /* RealmTestTests.xctest */,
				01E93BCF2634043600082FEE /* RealmTestUITests.xctest */,
			);
			name = Products;
			sourceTree = "<group>";
		};
		01E93BB02634043100082FEE /* RealmTest */ = {
			isa = PBXGroup;
			children = (
				01E93BE92634063000082FEE /* Task.swift */,
				01E93C1326395B6D00082FEE /* weatherModel.swift */,
				01E93BB12634043200082FEE /* AppDelegate.swift */,
				01E93BB32634043200082FEE /* SceneDelegate.swift */,
				01E93BF1263411A800082FEE /* TaskListViewController.swift */,
				01E93BFE2634189B00082FEE /* TaskListTableViewCell.swift */,
				01E93BF92634126C00082FEE /* TaskViewController.swift */,
				01E93C082639576300082FEE /* WeatherViewController.swift */,
				0126FF2E26395DAC00E61BDD /* ForecastTableViewCell.swift */,
				0126FF7B2642B2C500E61BDD /* CoreDataViewController.swift */,
				0126FF912642BACA00E61BDD /* CoreDataTableViewCell.swift */,
				01E93BB72634043200082FEE /* Main.storyboard */,
				0126FF832642B5A000E61BDD /* AddTaskCoreDataViewController.swift */,
				0126FF962643CFC200E61BDD /* CoreDataModel.xcdatamodeld */,
				01E93BBA2634043600082FEE /* Assets.xcassets */,
				01E93BBC2634043600082FEE /* LaunchScreen.storyboard */,
				01E93BBF2634043600082FEE /* Info.plist */,
			);
			path = RealmTest;
			sourceTree = "<group>";
		};
		01E93BC72634043600082FEE /* RealmTestTests */ = {
			isa = PBXGroup;
			children = (
				01E93BC82634043600082FEE /* RealmTestTests.swift */,
				01E93BCA2634043600082FEE /* Info.plist */,
			);
			path = RealmTestTests;
			sourceTree = "<group>";
		};
		01E93BD22634043600082FEE /* RealmTestUITests */ = {
			isa = PBXGroup;
			children = (
				01E93BD32634043600082FEE /* RealmTestUITests.swift */,
				01E93BD52634043600082FEE /* Info.plist */,
			);
			path = RealmTestUITests;
			sourceTree = "<group>";
		};
		4A274F83644F6CC86AC78951 /* Frameworks */ = {
			isa = PBXGroup;
			children = (
				ED8D6C242E89A9FDE21EEA1D /* Pods_RealmTest.framework */,
				5A9240B9D5F2DDF4B3051F07 /* Pods_RealmTest_RealmTestUITests.framework */,
				CF4EC7E89687A230878C34EE /* Pods_RealmTestTests.framework */,
			);
			name = Frameworks;
			sourceTree = "<group>";
		};
		99AC43D6217F65F20D0AF7AD /* Pods */ = {
			isa = PBXGroup;
			children = (
				C1D2F7D230C5BF6BFF3E292F /* Pods-RealmTest.debug.xcconfig */,
				C07275636CCD15FA65363238 /* Pods-RealmTest.release.xcconfig */,
				387B81DEA6FFA085E5F34148 /* Pods-RealmTest-RealmTestUITests.debug.xcconfig */,
				7D7465A327B3B0A1971DD95B /* Pods-RealmTest-RealmTestUITests.release.xcconfig */,
				596FF658E88CFEDE6391704F /* Pods-RealmTestTests.debug.xcconfig */,
				883BDE95F27AC7950213B39F /* Pods-RealmTestTests.release.xcconfig */,
			);
			path = Pods;
			sourceTree = "<group>";
		};
/* End PBXGroup section */

/* Begin PBXNativeTarget section */
		01E93BAD2634043100082FEE /* RealmTest */ = {
			isa = PBXNativeTarget;
			buildConfigurationList = 01E93BD82634043600082FEE /* Build configuration list for PBXNativeTarget "RealmTest" */;
			buildPhases = (
				3C00A014FED6A96C44F08713 /* [CP] Check Pods Manifest.lock */,
				01E93BAA2634043100082FEE /* Sources */,
				01E93BAB2634043100082FEE /* Frameworks */,
				01E93BAC2634043100082FEE /* Resources */,
				EE851FC957AFEF6DBE24EDF5 /* [CP] Embed Pods Frameworks */,
			);
			buildRules = (
			);
			dependencies = (
			);
			name = RealmTest;
			productName = RealmTest;
			productReference = 01E93BAE2634043100082FEE /* RealmTest.app */;
			productType = "com.apple.product-type.application";
		};
		01E93BC32634043600082FEE /* RealmTestTests */ = {
			isa = PBXNativeTarget;
			buildConfigurationList = 01E93BDB2634043600082FEE /* Build configuration list for PBXNativeTarget "RealmTestTests" */;
			buildPhases = (
				E96EA8C2E490D53366F0ACCC /* [CP] Check Pods Manifest.lock */,
				01E93BC02634043600082FEE /* Sources */,
				01E93BC12634043600082FEE /* Frameworks */,
				01E93BC22634043600082FEE /* Resources */,
			);
			buildRules = (
			);
			dependencies = (
				01E93BC62634043600082FEE /* PBXTargetDependency */,
			);
			name = RealmTestTests;
			productName = RealmTestTests;
			productReference = 01E93BC42634043600082FEE /* RealmTestTests.xctest */;
			productType = "com.apple.product-type.bundle.unit-test";
		};
		01E93BCE2634043600082FEE /* RealmTestUITests */ = {
			isa = PBXNativeTarget;
			buildConfigurationList = 01E93BDE2634043600082FEE /* Build configuration list for PBXNativeTarget "RealmTestUITests" */;
			buildPhases = (
				7E88970DED93D74DC6AD55FE /* [CP] Check Pods Manifest.lock */,
				01E93BCB2634043600082FEE /* Sources */,
				01E93BCC2634043600082FEE /* Frameworks */,
				01E93BCD2634043600082FEE /* Resources */,
				93C86C9A3366CA586F660200 /* [CP] Embed Pods Frameworks */,
			);
			buildRules = (
			);
			dependencies = (
				01E93BD12634043600082FEE /* PBXTargetDependency */,
			);
			name = RealmTestUITests;
			productName = RealmTestUITests;
			productReference = 01E93BCF2634043600082FEE /* RealmTestUITests.xctest */;
			productType = "com.apple.product-type.bundle.ui-testing";
		};
/* End PBXNativeTarget section */

/* Begin PBXProject section */
		01E93BA62634043100082FEE /* Project object */ = {
			isa = PBXProject;
			attributes = {
				LastSwiftUpdateCheck = 1240;
				LastUpgradeCheck = 1240;
				TargetAttributes = {
					01E93BAD2634043100082FEE = {
						CreatedOnToolsVersion = 12.4;
					};
					01E93BC32634043600082FEE = {
						CreatedOnToolsVersion = 12.4;
						TestTargetID = 01E93BAD2634043100082FEE;
					};
					01E93BCE2634043600082FEE = {
						CreatedOnToolsVersion = 12.4;
						TestTargetID = 01E93BAD2634043100082FEE;
					};
				};
			};
			buildConfigurationList = 01E93BA92634043100082FEE /* Build configuration list for PBXProject "RealmTest" */;
			compatibilityVersion = "Xcode 9.3";
			developmentRegion = en;
			hasScannedForEncodings = 0;
			knownRegions = (
				en,
				Base,
			);
			mainGroup = 01E93BA52634043100082FEE;
			productRefGroup = 01E93BAF2634043100082FEE /* Products */;
			projectDirPath = "";
			projectRoot = "";
			targets = (
				01E93BAD2634043100082FEE /* RealmTest */,
				01E93BC32634043600082FEE /* RealmTestTests */,
				01E93BCE2634043600082FEE /* RealmTestUITests */,
			);
		};
/* End PBXProject section */

/* Begin PBXResourcesBuildPhase section */
		01E93BAC2634043100082FEE /* Resources */ = {
			isa = PBXResourcesBuildPhase;
			buildActionMask = 2147483647;
			files = (
				01E93BBE2634043600082FEE /* LaunchScreen.storyboard in Resources */,
				01E93BBB2634043600082FEE /* Assets.xcassets in Resources */,
				01E93BB92634043200082FEE /* Main.storyboard in Resources */,
			);
			runOnlyForDeploymentPostprocessing = 0;
		};
		01E93BC22634043600082FEE /* Resources */ = {
			isa = PBXResourcesBuildPhase;
			buildActionMask = 2147483647;
			files = (
			);
			runOnlyForDeploymentPostprocessing = 0;
		};
		01E93BCD2634043600082FEE /* Resources */ = {
			isa = PBXResourcesBuildPhase;
			buildActionMask = 2147483647;
			files = (
			);
			runOnlyForDeploymentPostprocessing = 0;
		};
/* End PBXResourcesBuildPhase section */

/* Begin PBXShellScriptBuildPhase section */
		3C00A014FED6A96C44F08713 /* [CP] Check Pods Manifest.lock */ = {
			isa = PBXShellScriptBuildPhase;
			buildActionMask = 2147483647;
			files = (
			);
			inputFileListPaths = (
			);
			inputPaths = (
				"${PODS_PODFILE_DIR_PATH}/Podfile.lock",
				"${PODS_ROOT}/Manifest.lock",
			);
			name = "[CP] Check Pods Manifest.lock";
			outputFileListPaths = (
			);
			outputPaths = (
				"$(DERIVED_FILE_DIR)/Pods-RealmTest-checkManifestLockResult.txt",
			);
			runOnlyForDeploymentPostprocessing = 0;
			shellPath = /bin/sh;
			shellScript = "diff \"${PODS_PODFILE_DIR_PATH}/Podfile.lock\" \"${PODS_ROOT}/Manifest.lock\" > /dev/null\nif [ $? != 0 ] ; then\n    # print error to STDERR\n    echo \"error: The sandbox is not in sync with the Podfile.lock. Run 'pod install' or update your CocoaPods installation.\" >&2\n    exit 1\nfi\n# This output is used by Xcode 'outputs' to avoid re-running this script phase.\necho \"SUCCESS\" > \"${SCRIPT_OUTPUT_FILE_0}\"\n";
			showEnvVarsInLog = 0;
		};
		7E88970DED93D74DC6AD55FE /* [CP] Check Pods Manifest.lock */ = {
			isa = PBXShellScriptBuildPhase;
			buildActionMask = 2147483647;
			files = (
			);
			inputFileListPaths = (
			);
			inputPaths = (
				"${PODS_PODFILE_DIR_PATH}/Podfile.lock",
				"${PODS_ROOT}/Manifest.lock",
			);
			name = "[CP] Check Pods Manifest.lock";
			outputFileListPaths = (
			);
			outputPaths = (
				"$(DERIVED_FILE_DIR)/Pods-RealmTest-RealmTestUITests-checkManifestLockResult.txt",
			);
			runOnlyForDeploymentPostprocessing = 0;
			shellPath = /bin/sh;
			shellScript = "diff \"${PODS_PODFILE_DIR_PATH}/Podfile.lock\" \"${PODS_ROOT}/Manifest.lock\" > /dev/null\nif [ $? != 0 ] ; then\n    # print error to STDERR\n    echo \"error: The sandbox is not in sync with the Podfile.lock. Run 'pod install' or update your CocoaPods installation.\" >&2\n    exit 1\nfi\n# This output is used by Xcode 'outputs' to avoid re-running this script phase.\necho \"SUCCESS\" > \"${SCRIPT_OUTPUT_FILE_0}\"\n";
			showEnvVarsInLog = 0;
		};
		93C86C9A3366CA586F660200 /* [CP] Embed Pods Frameworks */ = {
			isa = PBXShellScriptBuildPhase;
			buildActionMask = 2147483647;
			files = (
			);
			inputFileListPaths = (
				"${PODS_ROOT}/Target Support Files/Pods-RealmTest-RealmTestUITests/Pods-RealmTest-RealmTestUITests-frameworks-${CONFIGURATION}-input-files.xcfilelist",
			);
			name = "[CP] Embed Pods Frameworks";
			outputFileListPaths = (
				"${PODS_ROOT}/Target Support Files/Pods-RealmTest-RealmTestUITests/Pods-RealmTest-RealmTestUITests-frameworks-${CONFIGURATION}-output-files.xcfilelist",
			);
			runOnlyForDeploymentPostprocessing = 0;
			shellPath = /bin/sh;
			shellScript = "\"${PODS_ROOT}/Target Support Files/Pods-RealmTest-RealmTestUITests/Pods-RealmTest-RealmTestUITests-frameworks.sh\"\n";
			showEnvVarsInLog = 0;
		};
		E96EA8C2E490D53366F0ACCC /* [CP] Check Pods Manifest.lock */ = {
			isa = PBXShellScriptBuildPhase;
			buildActionMask = 2147483647;
			files = (
			);
			inputFileListPaths = (
			);
			inputPaths = (
				"${PODS_PODFILE_DIR_PATH}/Podfile.lock",
				"${PODS_ROOT}/Manifest.lock",
			);
			name = "[CP] Check Pods Manifest.lock";
			outputFileListPaths = (
			);
			outputPaths = (
				"$(DERIVED_FILE_DIR)/Pods-RealmTestTests-checkManifestLockResult.txt",
			);
			runOnlyForDeploymentPostprocessing = 0;
			shellPath = /bin/sh;
			shellScript = "diff \"${PODS_PODFILE_DIR_PATH}/Podfile.lock\" \"${PODS_ROOT}/Manifest.lock\" > /dev/null\nif [ $? != 0 ] ; then\n    # print error to STDERR\n    echo \"error: The sandbox is not in sync with the Podfile.lock. Run 'pod install' or update your CocoaPods installation.\" >&2\n    exit 1\nfi\n# This output is used by Xcode 'outputs' to avoid re-running this script phase.\necho \"SUCCESS\" > \"${SCRIPT_OUTPUT_FILE_0}\"\n";
			showEnvVarsInLog = 0;
		};
		EE851FC957AFEF6DBE24EDF5 /* [CP] Embed Pods Frameworks */ = {
			isa = PBXShellScriptBuildPhase;
			buildActionMask = 2147483647;
			files = (
			);
			inputFileListPaths = (
				"${PODS_ROOT}/Target Support Files/Pods-RealmTest/Pods-RealmTest-frameworks-${CONFIGURATION}-input-files.xcfilelist",
			);
			name = "[CP] Embed Pods Frameworks";
			outputFileListPaths = (
				"${PODS_ROOT}/Target Support Files/Pods-RealmTest/Pods-RealmTest-frameworks-${CONFIGURATION}-output-files.xcfilelist",
			);
			runOnlyForDeploymentPostprocessing = 0;
			shellPath = /bin/sh;
			shellScript = "\"${PODS_ROOT}/Target Support Files/Pods-RealmTest/Pods-RealmTest-frameworks.sh\"\n";
			showEnvVarsInLog = 0;
		};
/* End PBXShellScriptBuildPhase section */

/* Begin PBXSourcesBuildPhase section */
		01E93BAA2634043100082FEE /* Sources */ = {
			isa = PBXSourcesBuildPhase;
			buildActionMask = 2147483647;
			files = (
				0126FF922642BACA00E61BDD /* CoreDataTableViewCell.swift in Sources */,
				01E93BEA2634063000082FEE /* Task.swift in Sources */,
				01E93BB22634043200082FEE /* AppDelegate.swift in Sources */,
				0126FF982643CFC200E61BDD /* CoreDataModel.xcdatamodeld in Sources */,
				01E93BFF2634189B00082FEE /* TaskListTableViewCell.swift in Sources */,
				0126FF842642B5A000E61BDD /* AddTaskCoreDataViewController.swift in Sources */,
				0126FF7C2642B2C500E61BDD /* CoreDataViewController.swift in Sources */,
				01E93BFA2634126C00082FEE /* TaskViewController.swift in Sources */,
				01E93C092639576300082FEE /* WeatherViewController.swift in Sources */,
				01E93BB42634043200082FEE /* SceneDelegate.swift in Sources */,
				0126FF2F26395DAC00E61BDD /* ForecastTableViewCell.swift in Sources */,
				01E93C1426395B6D00082FEE /* weatherModel.swift in Sources */,
				01E93BF2263411A800082FEE /* TaskListViewController.swift in Sources */,
			);
			runOnlyForDeploymentPostprocessing = 0;
		};
		01E93BC02634043600082FEE /* Sources */ = {
			isa = PBXSourcesBuildPhase;
			buildActionMask = 2147483647;
			files = (
				01E93BC92634043600082FEE /* RealmTestTests.swift in Sources */,
			);
			runOnlyForDeploymentPostprocessing = 0;
		};
		01E93BCB2634043600082FEE /* Sources */ = {
			isa = PBXSourcesBuildPhase;
			buildActionMask = 2147483647;
			files = (
				01E93BD42634043600082FEE /* RealmTestUITests.swift in Sources */,
			);
			runOnlyForDeploymentPostprocessing = 0;
		};
/* End PBXSourcesBuildPhase section */

/* Begin PBXTargetDependency section */
		01E93BC62634043600082FEE /* PBXTargetDependency */ = {
			isa = PBXTargetDependency;
			target = 01E93BAD2634043100082FEE /* RealmTest */;
			targetProxy = 01E93BC52634043600082FEE /* PBXContainerItemProxy */;
		};
		01E93BD12634043600082FEE /* PBXTargetDependency */ = {
			isa = PBXTargetDependency;
			target = 01E93BAD2634043100082FEE /* RealmTest */;
			targetProxy = 01E93BD02634043600082FEE /* PBXContainerItemProxy */;
		};
/* End PBXTargetDependency section */

/* Begin PBXVariantGroup section */
		01E93BB72634043200082FEE /* Main.storyboard */ = {
			isa = PBXVariantGroup;
			children = (
				01E93BB82634043200082FEE /* Base */,
			);
			name = Main.storyboard;
			sourceTree = "<group>";
		};
		01E93BBC2634043600082FEE /* LaunchScreen.storyboard */ = {
			isa = PBXVariantGroup;
			children = (
				01E93BBD2634043600082FEE /* Base */,
			);
			name = LaunchScreen.storyboard;
			sourceTree = "<group>";
		};
/* End PBXVariantGroup section */

/* Begin XCBuildConfiguration section */
		01E93BD62634043600082FEE /* Debug */ = {
			isa = XCBuildConfiguration;
			buildSettings = {
				ALWAYS_SEARCH_USER_PATHS = NO;
				CLANG_ANALYZER_NONNULL = YES;
				CLANG_ANALYZER_NUMBER_OBJECT_CONVERSION = YES_AGGRESSIVE;
				CLANG_CXX_LANGUAGE_STANDARD = "gnu++14";
				CLANG_CXX_LIBRARY = "libc++";
				CLANG_ENABLE_MODULES = YES;
				CLANG_ENABLE_OBJC_ARC = YES;
				CLANG_ENABLE_OBJC_WEAK = YES;
				CLANG_WARN_BLOCK_CAPTURE_AUTORELEASING = YES;
				CLANG_WARN_BOOL_CONVERSION = YES;
				CLANG_WARN_COMMA = YES;
				CLANG_WARN_CONSTANT_CONVERSION = YES;
				CLANG_WARN_DEPRECATED_OBJC_IMPLEMENTATIONS = YES;
				CLANG_WARN_DIRECT_OBJC_ISA_USAGE = YES_ERROR;
				CLANG_WARN_DOCUMENTATION_COMMENTS = YES;
				CLANG_WARN_EMPTY_BODY = YES;
				CLANG_WARN_ENUM_CONVERSION = YES;
				CLANG_WARN_INFINITE_RECURSION = YES;
				CLANG_WARN_INT_CONVERSION = YES;
				CLANG_WARN_NON_LITERAL_NULL_CONVERSION = YES;
				CLANG_WARN_OBJC_IMPLICIT_RETAIN_SELF = YES;
				CLANG_WARN_OBJC_LITERAL_CONVERSION = YES;
				CLANG_WARN_OBJC_ROOT_CLASS = YES_ERROR;
				CLANG_WARN_QUOTED_INCLUDE_IN_FRAMEWORK_HEADER = YES;
				CLANG_WARN_RANGE_LOOP_ANALYSIS = YES;
				CLANG_WARN_STRICT_PROTOTYPES = YES;
				CLANG_WARN_SUSPICIOUS_MOVE = YES;
				CLANG_WARN_UNGUARDED_AVAILABILITY = YES_AGGRESSIVE;
				CLANG_WARN_UNREACHABLE_CODE = YES;
				CLANG_WARN__DUPLICATE_METHOD_MATCH = YES;
				COPY_PHASE_STRIP = NO;
				DEBUG_INFORMATION_FORMAT = dwarf;
				ENABLE_STRICT_OBJC_MSGSEND = YES;
				ENABLE_TESTABILITY = YES;
				GCC_C_LANGUAGE_STANDARD = gnu11;
				GCC_DYNAMIC_NO_PIC = NO;
				GCC_NO_COMMON_BLOCKS = YES;
				GCC_OPTIMIZATION_LEVEL = 0;
				GCC_PREPROCESSOR_DEFINITIONS = (
					"DEBUG=1",
					"$(inherited)",
				);
				GCC_WARN_64_TO_32_BIT_CONVERSION = YES;
				GCC_WARN_ABOUT_RETURN_TYPE = YES_ERROR;
				GCC_WARN_UNDECLARED_SELECTOR = YES;
				GCC_WARN_UNINITIALIZED_AUTOS = YES_AGGRESSIVE;
				GCC_WARN_UNUSED_FUNCTION = YES;
				GCC_WARN_UNUSED_VARIABLE = YES;
				IPHONEOS_DEPLOYMENT_TARGET = 14.4;
				MTL_ENABLE_DEBUG_INFO = INCLUDE_SOURCE;
				MTL_FAST_MATH = YES;
				ONLY_ACTIVE_ARCH = YES;
				SDKROOT = iphoneos;
				SWIFT_ACTIVE_COMPILATION_CONDITIONS = DEBUG;
				SWIFT_OPTIMIZATION_LEVEL = "-Onone";
			};
			name = Debug;
		};
		01E93BD72634043600082FEE /* Release */ = {
			isa = XCBuildConfiguration;
			buildSettings = {
				ALWAYS_SEARCH_USER_PATHS = NO;
				CLANG_ANALYZER_NONNULL = YES;
				CLANG_ANALYZER_NUMBER_OBJECT_CONVERSION = YES_AGGRESSIVE;
				CLANG_CXX_LANGUAGE_STANDARD = "gnu++14";
				CLANG_CXX_LIBRARY = "libc++";
				CLANG_ENABLE_MODULES = YES;
				CLANG_ENABLE_OBJC_ARC = YES;
				CLANG_ENABLE_OBJC_WEAK = YES;
				CLANG_WARN_BLOCK_CAPTURE_AUTORELEASING = YES;
				CLANG_WARN_BOOL_CONVERSION = YES;
				CLANG_WARN_COMMA = YES;
				CLANG_WARN_CONSTANT_CONVERSION = YES;
				CLANG_WARN_DEPRECATED_OBJC_IMPLEMENTATIONS = YES;
				CLANG_WARN_DIRECT_OBJC_ISA_USAGE = YES_ERROR;
				CLANG_WARN_DOCUMENTATION_COMMENTS = YES;
				CLANG_WARN_EMPTY_BODY = YES;
				CLANG_WARN_ENUM_CONVERSION = YES;
				CLANG_WARN_INFINITE_RECURSION = YES;
				CLANG_WARN_INT_CONVERSION = YES;
				CLANG_WARN_NON_LITERAL_NULL_CONVERSION = YES;
				CLANG_WARN_OBJC_IMPLICIT_RETAIN_SELF = YES;
				CLANG_WARN_OBJC_LITERAL_CONVERSION = YES;
				CLANG_WARN_OBJC_ROOT_CLASS = YES_ERROR;
				CLANG_WARN_QUOTED_INCLUDE_IN_FRAMEWORK_HEADER = YES;
				CLANG_WARN_RANGE_LOOP_ANALYSIS = YES;
				CLANG_WARN_STRICT_PROTOTYPES = YES;
				CLANG_WARN_SUSPICIOUS_MOVE = YES;
				CLANG_WARN_UNGUARDED_AVAILABILITY = YES_AGGRESSIVE;
				CLANG_WARN_UNREACHABLE_CODE = YES;
				CLANG_WARN__DUPLICATE_METHOD_MATCH = YES;
				COPY_PHASE_STRIP = NO;
				DEBUG_INFORMATION_FORMAT = "dwarf-with-dsym";
				ENABLE_NS_ASSERTIONS = NO;
				ENABLE_STRICT_OBJC_MSGSEND = YES;
				GCC_C_LANGUAGE_STANDARD = gnu11;
				GCC_NO_COMMON_BLOCKS = YES;
				GCC_WARN_64_TO_32_BIT_CONVERSION = YES;
				GCC_WARN_ABOUT_RETURN_TYPE = YES_ERROR;
				GCC_WARN_UNDECLARED_SELECTOR = YES;
				GCC_WARN_UNINITIALIZED_AUTOS = YES_AGGRESSIVE;
				GCC_WARN_UNUSED_FUNCTION = YES;
				GCC_WARN_UNUSED_VARIABLE = YES;
				IPHONEOS_DEPLOYMENT_TARGET = 14.4;
				MTL_ENABLE_DEBUG_INFO = NO;
				MTL_FAST_MATH = YES;
				SDKROOT = iphoneos;
				SWIFT_COMPILATION_MODE = wholemodule;
				SWIFT_OPTIMIZATION_LEVEL = "-O";
				VALIDATE_PRODUCT = YES;
			};
			name = Release;
		};
		01E93BD92634043600082FEE /* Debug */ = {
			isa = XCBuildConfiguration;
			baseConfigurationReference = C1D2F7D230C5BF6BFF3E292F /* Pods-RealmTest.debug.xcconfig */;
			buildSettings = {
				ASSETCATALOG_COMPILER_APPICON_NAME = AppIcon;
				ASSETCATALOG_COMPILER_GLOBAL_ACCENT_COLOR_NAME = AccentColor;
				CODE_SIGN_STYLE = Automatic;
				DEVELOPMENT_TEAM = Z5WN25K4LD;
				INFOPLIST_FILE = RealmTest/Info.plist;
				LD_RUNPATH_SEARCH_PATHS = (
					"$(inherited)",
					"@executable_path/Frameworks",
				);
				PRODUCT_BUNDLE_IDENTIFIER = mirzamagomedov.RealmTest;
				PRODUCT_NAME = "$(TARGET_NAME)";
				SWIFT_VERSION = 5.0;
				TARGETED_DEVICE_FAMILY = "1,2";
			};
			name = Debug;
		};
		01E93BDA2634043600082FEE /* Release */ = {
			isa = XCBuildConfiguration;
			baseConfigurationReference = C07275636CCD15FA65363238 /* Pods-RealmTest.release.xcconfig */;
			buildSettings = {
				ASSETCATALOG_COMPILER_APPICON_NAME = AppIcon;
				ASSETCATALOG_COMPILER_GLOBAL_ACCENT_COLOR_NAME = AccentColor;
				CODE_SIGN_STYLE = Automatic;
				DEVELOPMENT_TEAM = Z5WN25K4LD;
				INFOPLIST_FILE = RealmTest/Info.plist;
				LD_RUNPATH_SEARCH_PATHS = (
					"$(inherited)",
					"@executable_path/Frameworks",
				);
				PRODUCT_BUNDLE_IDENTIFIER = mirzamagomedov.RealmTest;
				PRODUCT_NAME = "$(TARGET_NAME)";
				SWIFT_VERSION = 5.0;
				TARGETED_DEVICE_FAMILY = "1,2";
			};
			name = Release;
		};
		01E93BDC2634043600082FEE /* Debug */ = {
			isa = XCBuildConfiguration;
			baseConfigurationReference = 596FF658E88CFEDE6391704F /* Pods-RealmTestTests.debug.xcconfig */;
			buildSettings = {
				ALWAYS_EMBED_SWIFT_STANDARD_LIBRARIES = YES;
				BUNDLE_LOADER = "$(TEST_HOST)";
				CODE_SIGN_STYLE = Automatic;
				DEVELOPMENT_TEAM = Z5WN25K4LD;
				INFOPLIST_FILE = RealmTestTests/Info.plist;
				IPHONEOS_DEPLOYMENT_TARGET = 14.4;
				LD_RUNPATH_SEARCH_PATHS = (
					"$(inherited)",
					"@executable_path/Frameworks",
					"@loader_path/Frameworks",
				);
				PRODUCT_BUNDLE_IDENTIFIER = mirzamagomedov.RealmTestTests;
				PRODUCT_NAME = "$(TARGET_NAME)";
				SWIFT_VERSION = 5.0;
				TARGETED_DEVICE_FAMILY = "1,2";
				TEST_HOST = "$(BUILT_PRODUCTS_DIR)/RealmTest.app/RealmTest";
			};
			name = Debug;
		};
		01E93BDD2634043600082FEE /* Release */ = {
			isa = XCBuildConfiguration;
			baseConfigurationReference = 883BDE95F27AC7950213B39F /* Pods-RealmTestTests.release.xcconfig */;
			buildSettings = {
				ALWAYS_EMBED_SWIFT_STANDARD_LIBRARIES = YES;
				BUNDLE_LOADER = "$(TEST_HOST)";
				CODE_SIGN_STYLE = Automatic;
				DEVELOPMENT_TEAM = Z5WN25K4LD;
				INFOPLIST_FILE = RealmTestTests/Info.plist;
				IPHONEOS_DEPLOYMENT_TARGET = 14.4;
				LD_RUNPATH_SEARCH_PATHS = (
					"$(inherited)",
					"@executable_path/Frameworks",
					"@loader_path/Frameworks",
				);
				PRODUCT_BUNDLE_IDENTIFIER = mirzamagomedov.RealmTestTests;
				PRODUCT_NAME = "$(TARGET_NAME)";
				SWIFT_VERSION = 5.0;
				TARGETED_DEVICE_FAMILY = "1,2";
				TEST_HOST = "$(BUILT_PRODUCTS_DIR)/RealmTest.app/RealmTest";
			};
			name = Release;
		};
		01E93BDF2634043600082FEE /* Debug */ = {
			isa = XCBuildConfiguration;
			baseConfigurationReference = 387B81DEA6FFA085E5F34148 /* Pods-RealmTest-RealmTestUITests.debug.xcconfig */;
			buildSettings = {
				ALWAYS_EMBED_SWIFT_STANDARD_LIBRARIES = YES;
				CODE_SIGN_STYLE = Automatic;
				DEVELOPMENT_TEAM = Z5WN25K4LD;
				INFOPLIST_FILE = RealmTestUITests/Info.plist;
				LD_RUNPATH_SEARCH_PATHS = (
					"$(inherited)",
					"@executable_path/Frameworks",
					"@loader_path/Frameworks",
				);
				PRODUCT_BUNDLE_IDENTIFIER = mirzamagomedov.RealmTestUITests;
				PRODUCT_NAME = "$(TARGET_NAME)";
				SWIFT_VERSION = 5.0;
				TARGETED_DEVICE_FAMILY = "1,2";
				TEST_TARGET_NAME = RealmTest;
			};
			name = Debug;
		};
		01E93BE02634043600082FEE /* Release */ = {
			isa = XCBuildConfiguration;
			baseConfigurationReference = 7D7465A327B3B0A1971DD95B /* Pods-RealmTest-RealmTestUITests.release.xcconfig */;
			buildSettings = {
				ALWAYS_EMBED_SWIFT_STANDARD_LIBRARIES = YES;
				CODE_SIGN_STYLE = Automatic;
				DEVELOPMENT_TEAM = Z5WN25K4LD;
				INFOPLIST_FILE = RealmTestUITests/Info.plist;
				LD_RUNPATH_SEARCH_PATHS = (
					"$(inherited)",
					"@executable_path/Frameworks",
					"@loader_path/Frameworks",
				);
				PRODUCT_BUNDLE_IDENTIFIER = mirzamagomedov.RealmTestUITests;
				PRODUCT_NAME = "$(TARGET_NAME)";
				SWIFT_VERSION = 5.0;
				TARGETED_DEVICE_FAMILY = "1,2";
				TEST_TARGET_NAME = RealmTest;
			};
			name = Release;
		};
/* End XCBuildConfiguration section */

/* Begin XCConfigurationList section */
		01E93BA92634043100082FEE /* Build configuration list for PBXProject "RealmTest" */ = {
			isa = XCConfigurationList;
			buildConfigurations = (
				01E93BD62634043600082FEE /* Debug */,
				01E93BD72634043600082FEE /* Release */,
			);
			defaultConfigurationIsVisible = 0;
			defaultConfigurationName = Release;
		};
		01E93BD82634043600082FEE /* Build configuration list for PBXNativeTarget "RealmTest" */ = {
			isa = XCConfigurationList;
			buildConfigurations = (
				01E93BD92634043600082FEE /* Debug */,
				01E93BDA2634043600082FEE /* Release */,
			);
			defaultConfigurationIsVisible = 0;
			defaultConfigurationName = Release;
		};
		01E93BDB2634043600082FEE /* Build configuration list for PBXNativeTarget "RealmTestTests" */ = {
			isa = XCConfigurationList;
			buildConfigurations = (
				01E93BDC2634043600082FEE /* Debug */,
				01E93BDD2634043600082FEE /* Release */,
			);
			defaultConfigurationIsVisible = 0;
			defaultConfigurationName = Release;
		};
		01E93BDE2634043600082FEE /* Build configuration list for PBXNativeTarget "RealmTestUITests" */ = {
			isa = XCConfigurationList;
			buildConfigurations = (
				01E93BDF2634043600082FEE /* Debug */,
				01E93BE02634043600082FEE /* Release */,
			);
			defaultConfigurationIsVisible = 0;
			defaultConfigurationName = Release;
		};
/* End XCConfigurationList section */

/* Begin XCVersionGroup section */
		0126FF962643CFC200E61BDD /* CoreDataModel.xcdatamodeld */ = {
			isa = XCVersionGroup;
			children = (
				0126FF972643CFC200E61BDD /* CoreDataModel.xcdatamodel */,
			);
			currentVersion = 0126FF972643CFC200E61BDD /* CoreDataModel.xcdatamodel */;
			path = CoreDataModel.xcdatamodeld;
			sourceTree = "<group>";
			versionGroupType = wrapper.xcdatamodel;
		};
/* End XCVersionGroup section */
	};
	rootObject = 01E93BA62634043100082FEE /* Project object */;
}
